
Microsoft Visual Studio Solution File, Format Version 12.00
# Visual Studio 2017
Project("{FAE04EC0-301F-11D3-BF4B-00C04F79EFBC}") = "3DShapes", "3DShapes.csproj", "{B2EA1068-1DE9-193D-437D-AC70CDAABA30}"
EndProject
Project("{FAE04EC0-301F-11D3-BF4B-00C04F79EFBC}") = "3DShapes.Editor", "3DShapes.Editor.csproj", "{412F023F-B42A-6D18-F717-077C04524B4A}"
EndProject
Global
	GlobalSection(SolutionConfigurationPlatforms) = preSolution
		Debug|Any CPU = Debug|Any CPU
		Release|Any CPU = Release|Any CPU
	EndGlobalSection
	GlobalSection(ProjectConfigurationPlatforms) = postSolution
		{B2EA1068-1DE9-193D-437D-AC70CDAABA30}.Debug|Any CPU.ActiveCfg = Debug|Any CPU
		{B2EA1068-1DE9-193D-437D-AC70CDAABA30}.Debug|Any CPU.Build.0 = Debug|Any CPU
		{B2EA1068-1DE9-193D-437D-AC70CDAABA30}.Release|Any CPU.ActiveCfg = Release|Any CPU
		{B2EA1068-1DE9-193D-437D-AC70CDAABA30}.Release|Any CPU.Build.0 = Release|Any CPU
		{412F023F-B42A-6D18-F717-077C04524B4A}.Debug|Any CPU.ActiveCfg = Debug|Any CPU
		{412F023F-B42A-6D18-F717-077C04524B4A}.Debug|Any CPU.Build.0 = Debug|Any CPU
		{412F023F-B42A-6D18-F717-077C04524B4A}.Release|Any CPU.ActiveCfg = Release|Any CPU
		{412F023F-B42A-6D18-F717-077C04524B4A}.Release|Any CPU.Build.0 = Release|Any CPU
	EndGlobalSection
	GlobalSection(SolutionProperties) = preSolution
		HideSolutionNode = FALSE
	EndGlobalSection
EndGlobal
